// !$*UTF8*$!
{
	archiveVersion = 1;
	classes = {
	};
	objectVersion = 50;
	objects = {

/* Begin PBXBuildFile section */
		EF2860742611168300471676 /* LandmarksApp.swift in Sources */ = {isa = PBXBuildFile; fileRef = EF2860732611168300471676 /* LandmarksApp.swift */; };
		EF2860762611168300471676 /* ContentView.swift in Sources */ = {isa = PBXBuildFile; fileRef = EF2860752611168300471676 /* ContentView.swift */; };
		EF2860782611168500471676 /* Assets.xcassets in Resources */ = {isa = PBXBuildFile; fileRef = EF2860772611168500471676 /* Assets.xcassets */; };
		EF28607B2611168500471676 /* Preview Assets.xcassets in Resources */ = {isa = PBXBuildFile; fileRef = EF28607A2611168500471676 /* Preview Assets.xcassets */; };
		EF2860862611168500471676 /* LandmarksTests.swift in Sources */ = {isa = PBXBuildFile; fileRef = EF2860852611168500471676 /* LandmarksTests.swift */; };
		EF2860912611168500471676 /* LandmarksUITests.swift in Sources */ = {isa = PBXBuildFile; fileRef = EF2860902611168500471676 /* LandmarksUITests.swift */; };
		EF2860A226111B7A00471676 /* CircleImage.swift in Sources */ = {isa = PBXBuildFile; fileRef = EF2860A126111B7A00471676 /* CircleImage.swift */; };
		EF2860A726111FE600471676 /* MapView.swift in Sources */ = {isa = PBXBuildFile; fileRef = EF2860A626111FE600471676 /* MapView.swift */; };
		EF2860AC261210DA00471676 /* landmarkData.json in Resources */ = {isa = PBXBuildFile; fileRef = EF2860AB261210DA00471676 /* landmarkData.json */; };
		EF2860B12612110F00471676 /* Landmark.swift in Sources */ = {isa = PBXBuildFile; fileRef = EF2860B02612110F00471676 /* Landmark.swift */; };
		EF2860B62612136A00471676 /* ModelData.swift in Sources */ = {isa = PBXBuildFile; fileRef = EF2860B52612136A00471676 /* ModelData.swift */; };
		EF2860BE2612159000471676 /* LandmarkRow.swift in Sources */ = {isa = PBXBuildFile; fileRef = EF2860BD2612159000471676 /* LandmarkRow.swift */; };
		EF2860C62612190700471676 /* LandmarkList.swift in Sources */ = {isa = PBXBuildFile; fileRef = EF2860C52612190700471676 /* LandmarkList.swift */; };
		EF2860CB26155DA400471676 /* LandmarkDetail.swift in Sources */ = {isa = PBXBuildFile; fileRef = EF2860CA26155DA400471676 /* LandmarkDetail.swift */; };
		EF2860D02616345900471676 /* FavoriteButton.swift in Sources */ = {isa = PBXBuildFile; fileRef = EF2860CF2616345900471676 /* FavoriteButton.swift */; };
		EFE7FB0F2616660A00CE6EF3 /* BadgeBackground.swift in Sources */ = {isa = PBXBuildFile; fileRef = EFE7FB0E2616660A00CE6EF3 /* BadgeBackground.swift */; };
		EFE7FB142616692F00CE6EF3 /* HexagonParameters.swift in Sources */ = {isa = PBXBuildFile; fileRef = EFE7FB132616692F00CE6EF3 /* HexagonParameters.swift */; };
		EFE7FB1926167A3600CE6EF3 /* BadgeSymbol.swift in Sources */ = {isa = PBXBuildFile; fileRef = EFE7FB1826167A3600CE6EF3 /* BadgeSymbol.swift */; };
		EFE7FB1E26167B6700CE6EF3 /* RotatedBadgeSymbol.swift in Sources */ = {isa = PBXBuildFile; fileRef = EFE7FB1D26167B6700CE6EF3 /* RotatedBadgeSymbol.swift */; };
		EFE7FB2326167BE800CE6EF3 /* Badge.swift in Sources */ = {isa = PBXBuildFile; fileRef = EFE7FB2226167BE800CE6EF3 /* Badge.swift */; };
/* End PBXBuildFile section */

/* Begin PBXContainerItemProxy section */
		EF2860822611168500471676 /* PBXContainerItemProxy */ = {
			isa = PBXContainerItemProxy;
			containerPortal = EF2860682611168300471676 /* Project object */;
			proxyType = 1;
			remoteGlobalIDString = EF28606F2611168300471676;
			remoteInfo = Landmarks;
		};
		EF28608D2611168500471676 /* PBXContainerItemProxy */ = {
			isa = PBXContainerItemProxy;
			containerPortal = EF2860682611168300471676 /* Project object */;
			proxyType = 1;
			remoteGlobalIDString = EF28606F2611168300471676;
			remoteInfo = Landmarks;
		};
/* End PBXContainerItemProxy section */

/* Begin PBXFileReference section */
		EF2860702611168300471676 /* Landmarks.app */ = {isa = PBXFileReference; explicitFileType = wrapper.application; includeInIndex = 0; path = Landmarks.app; sourceTree = BUILT_PRODUCTS_DIR; };
		EF2860732611168300471676 /* LandmarksApp.swift */ = {isa = PBXFileReference; lastKnownFileType = sourcecode.swift; path = LandmarksApp.swift; sourceTree = "<group>"; };
		EF2860752611168300471676 /* ContentView.swift */ = {isa = PBXFileReference; lastKnownFileType = sourcecode.swift; path = ContentView.swift; sourceTree = "<group>"; };
		EF2860772611168500471676 /* Assets.xcassets */ = {isa = PBXFileReference; lastKnownFileType = folder.assetcatalog; path = Assets.xcassets; sourceTree = "<group>"; };
		EF28607A2611168500471676 /* Preview Assets.xcassets */ = {isa = PBXFileReference; lastKnownFileType = folder.assetcatalog; path = "Preview Assets.xcassets"; sourceTree = "<group>"; };
		EF28607C2611168500471676 /* Info.plist */ = {isa = PBXFileReference; lastKnownFileType = text.plist.xml; path = Info.plist; sourceTree = "<group>"; };
		EF2860812611168500471676 /* LandmarksTests.xctest */ = {isa = PBXFileReference; explicitFileType = wrapper.cfbundle; includeInIndex = 0; path = LandmarksTests.xctest; sourceTree = BUILT_PRODUCTS_DIR; };
		EF2860852611168500471676 /* LandmarksTests.swift */ = {isa = PBXFileReference; lastKnownFileType = sourcecode.swift; path = LandmarksTests.swift; sourceTree = "<group>"; };
		EF2860872611168500471676 /* Info.plist */ = {isa = PBXFileReference; lastKnownFileType = text.plist.xml; path = Info.plist; sourceTree = "<group>"; };
		EF28608C2611168500471676 /* LandmarksUITests.xctest */ = {isa = PBXFileReference; explicitFileType = wrapper.cfbundle; includeInIndex = 0; path = LandmarksUITests.xctest; sourceTree = BUILT_PRODUCTS_DIR; };
		EF2860902611168500471676 /* LandmarksUITests.swift */ = {isa = PBXFileReference; lastKnownFileType = sourcecode.swift; path = LandmarksUITests.swift; sourceTree = "<group>"; };
		EF2860922611168500471676 /* Info.plist */ = {isa = PBXFileReference; lastKnownFileType = text.plist.xml; path = Info.plist; sourceTree = "<group>"; };
		EF2860A126111B7A00471676 /* CircleImage.swift */ = {isa = PBXFileReference; lastKnownFileType = sourcecode.swift; path = CircleImage.swift; sourceTree = "<group>"; };
		EF2860A626111FE600471676 /* MapView.swift */ = {isa = PBXFileReference; lastKnownFileType = sourcecode.swift; path = MapView.swift; sourceTree = "<group>"; };
		EF2860AB261210DA00471676 /* landmarkData.json */ = {isa = PBXFileReference; fileEncoding = 4; lastKnownFileType = text.json; path = landmarkData.json; sourceTree = "<group>"; };
		EF2860B02612110F00471676 /* Landmark.swift */ = {isa = PBXFileReference; lastKnownFileType = sourcecode.swift; path = Landmark.swift; sourceTree = "<group>"; };
		EF2860B52612136A00471676 /* ModelData.swift */ = {isa = PBXFileReference; lastKnownFileType = sourcecode.swift; path = ModelData.swift; sourceTree = "<group>"; };
		EF2860BD2612159000471676 /* LandmarkRow.swift */ = {isa = PBXFileReference; lastKnownFileType = sourcecode.swift; path = LandmarkRow.swift; sourceTree = "<group>"; };
		EF2860C52612190700471676 /* LandmarkList.swift */ = {isa = PBXFileReference; lastKnownFileType = sourcecode.swift; path = LandmarkList.swift; sourceTree = "<group>"; };
		EF2860CA26155DA400471676 /* LandmarkDetail.swift */ = {isa = PBXFileReference; lastKnownFileType = sourcecode.swift; path = LandmarkDetail.swift; sourceTree = "<group>"; };
		EF2860CF2616345900471676 /* FavoriteButton.swift */ = {isa = PBXFileReference; lastKnownFileType = sourcecode.swift; path = FavoriteButton.swift; sourceTree = "<group>"; };
		EFE7FB0E2616660A00CE6EF3 /* BadgeBackground.swift */ = {isa = PBXFileReference; lastKnownFileType = sourcecode.swift; path = BadgeBackground.swift; sourceTree = "<group>"; };
		EFE7FB132616692F00CE6EF3 /* HexagonParameters.swift */ = {isa = PBXFileReference; lastKnownFileType = sourcecode.swift; path = HexagonParameters.swift; sourceTree = "<group>"; };
		EFE7FB1826167A3600CE6EF3 /* BadgeSymbol.swift */ = {isa = PBXFileReference; lastKnownFileType = sourcecode.swift; path = BadgeSymbol.swift; sourceTree = "<group>"; };
		EFE7FB1D26167B6700CE6EF3 /* RotatedBadgeSymbol.swift */ = {isa = PBXFileReference; lastKnownFileType = sourcecode.swift; path = RotatedBadgeSymbol.swift; sourceTree = "<group>"; };
		EFE7FB2226167BE800CE6EF3 /* Badge.swift */ = {isa = PBXFileReference; lastKnownFileType = sourcecode.swift; path = Badge.swift; sourceTree = "<group>"; };
/* End PBXFileReference section */

/* Begin PBXFrameworksBuildPhase section */
		EF28606D2611168300471676 /* Frameworks */ = {
			isa = PBXFrameworksBuildPhase;
			buildActionMask = 2147483647;
			files = (
			);
			runOnlyForDeploymentPostprocessing = 0;
		};
		EF28607E2611168500471676 /* Frameworks */ = {
			isa = PBXFrameworksBuildPhase;
			buildActionMask = 2147483647;
			files = (
			);
			runOnlyForDeploymentPostprocessing = 0;
		};
		EF2860892611168500471676 /* Frameworks */ = {
			isa = PBXFrameworksBuildPhase;
			buildActionMask = 2147483647;
			files = (
			);
			runOnlyForDeploymentPostprocessing = 0;
		};
/* End PBXFrameworksBuildPhase section */

/* Begin PBXGroup section */
		EF2860672611168300471676 = {
			isa = PBXGroup;
			children = (
				EF2860722611168300471676 /* Landmarks */,
				EF2860842611168500471676 /* LandmarksTests */,
				EF28608F2611168500471676 /* LandmarksUITests */,
				EF2860712611168300471676 /* Products */,
			);
			sourceTree = "<group>";
		};
		EF2860712611168300471676 /* Products */ = {
			isa = PBXGroup;
			children = (
				EF2860702611168300471676 /* Landmarks.app */,
				EF2860812611168500471676 /* LandmarksTests.xctest */,
				EF28608C2611168500471676 /* LandmarksUITests.xctest */,
			);
			name = Products;
			sourceTree = "<group>";
		};
		EF2860722611168300471676 /* Landmarks */ = {
			isa = PBXGroup;
			children = (
				EF2860BB261214DA00471676 /* Model */,
				EF2860BA261214D400471676 /* Views */,
				EF2860732611168300471676 /* LandmarksApp.swift */,
				EF2860772611168500471676 /* Assets.xcassets */,
				EF28607C2611168500471676 /* Info.plist */,
				EF2860BC261214EB00471676 /* Resources */,
				EF2860792611168500471676 /* Preview Content */,
			);
			path = Landmarks;
			sourceTree = "<group>";
		};
		EF2860792611168500471676 /* Preview Content */ = {
			isa = PBXGroup;
			children = (
				EF28607A2611168500471676 /* Preview Assets.xcassets */,
			);
			path = "Preview Content";
			sourceTree = "<group>";
		};
		EF2860842611168500471676 /* LandmarksTests */ = {
			isa = PBXGroup;
			children = (
				EF2860852611168500471676 /* LandmarksTests.swift */,
				EF2860872611168500471676 /* Info.plist */,
			);
			path = LandmarksTests;
			sourceTree = "<group>";
		};
		EF28608F2611168500471676 /* LandmarksUITests */ = {
			isa = PBXGroup;
			children = (
				EF2860902611168500471676 /* LandmarksUITests.swift */,
				EF2860922611168500471676 /* Info.plist */,
			);
			path = LandmarksUITests;
			sourceTree = "<group>";
		};
		EF2860BA261214D400471676 /* Views */ = {
			isa = PBXGroup;
			children = (
				EFE7FB0D261665F400CE6EF3 /* Badges */,
				EF2860D52616351E00471676 /* Landmarks */,
				EF2860D42616351300471676 /* Helpers */,
				EF2860752611168300471676 /* ContentView.swift */,
			);
			path = Views;
			sourceTree = "<group>";
		};
		EF2860BB261214DA00471676 /* Model */ = {
			isa = PBXGroup;
			children = (
				EF2860B02612110F00471676 /* Landmark.swift */,
				EF2860B52612136A00471676 /* ModelData.swift */,
			);
			path = Model;
			sourceTree = "<group>";
		};
		EF2860BC261214EB00471676 /* Resources */ = {
			isa = PBXGroup;
			children = (
				EF2860AB261210DA00471676 /* landmarkData.json */,
			);
			path = Resources;
			sourceTree = "<group>";
		};
		EF2860D42616351300471676 /* Helpers */ = {
			isa = PBXGroup;
			children = (
				EF2860A626111FE600471676 /* MapView.swift */,
				EF2860CF2616345900471676 /* FavoriteButton.swift */,
				EF2860A126111B7A00471676 /* CircleImage.swift */,
			);
			path = Helpers;
			sourceTree = "<group>";
		};
		EF2860D52616351E00471676 /* Landmarks */ = {
			isa = PBXGroup;
			children = (
				EF2860BD2612159000471676 /* LandmarkRow.swift */,
				EF2860C52612190700471676 /* LandmarkList.swift */,
				EF2860CA26155DA400471676 /* LandmarkDetail.swift */,
			);
			path = Landmarks;
			sourceTree = "<group>";
		};
		EFE7FB0D261665F400CE6EF3 /* Badges */ = {
			isa = PBXGroup;
			children = (
				EFE7FB0E2616660A00CE6EF3 /* BadgeBackground.swift */,
				EFE7FB132616692F00CE6EF3 /* HexagonParameters.swift */,
				EFE7FB1826167A3600CE6EF3 /* BadgeSymbol.swift */,
				EFE7FB1D26167B6700CE6EF3 /* RotatedBadgeSymbol.swift */,
				EFE7FB2226167BE800CE6EF3 /* Badge.swift */,
			);
			path = Badges;
			sourceTree = "<group>";
		};
/* End PBXGroup section */

/* Begin PBXNativeTarget section */
		EF28606F2611168300471676 /* Landmarks */ = {
			isa = PBXNativeTarget;
			buildConfigurationList = EF2860952611168500471676 /* Build configuration list for PBXNativeTarget "Landmarks" */;
			buildPhases = (
				EF28606C2611168300471676 /* Sources */,
				EF28606D2611168300471676 /* Frameworks */,
				EF28606E2611168300471676 /* Resources */,
			);
			buildRules = (
			);
			dependencies = (
			);
			name = Landmarks;
			productName = Landmarks;
			productReference = EF2860702611168300471676 /* Landmarks.app */;
			productType = "com.apple.product-type.application";
		};
		EF2860802611168500471676 /* LandmarksTests */ = {
			isa = PBXNativeTarget;
			buildConfigurationList = EF2860982611168500471676 /* Build configuration list for PBXNativeTarget "LandmarksTests" */;
			buildPhases = (
				EF28607D2611168500471676 /* Sources */,
				EF28607E2611168500471676 /* Frameworks */,
				EF28607F2611168500471676 /* Resources */,
			);
			buildRules = (
			);
			dependencies = (
				EF2860832611168500471676 /* PBXTargetDependency */,
			);
			name = LandmarksTests;
			productName = LandmarksTests;
			productReference = EF2860812611168500471676 /* LandmarksTests.xctest */;
			productType = "com.apple.product-type.bundle.unit-test";
		};
		EF28608B2611168500471676 /* LandmarksUITests */ = {
			isa = PBXNativeTarget;
			buildConfigurationList = EF28609B2611168500471676 /* Build configuration list for PBXNativeTarget "LandmarksUITests" */;
			buildPhases = (
				EF2860882611168500471676 /* Sources */,
				EF2860892611168500471676 /* Frameworks */,
				EF28608A2611168500471676 /* Resources */,
			);
			buildRules = (
			);
			dependencies = (
				EF28608E2611168500471676 /* PBXTargetDependency */,
			);
			name = LandmarksUITests;
			productName = LandmarksUITests;
			productReference = EF28608C2611168500471676 /* LandmarksUITests.xctest */;
			productType = "com.apple.product-type.bundle.ui-testing";
		};
/* End PBXNativeTarget section */

/* Begin PBXProject section */
		EF2860682611168300471676 /* Project object */ = {
			isa = PBXProject;
			attributes = {
				LastSwiftUpdateCheck = 1240;
				LastUpgradeCheck = 1240;
				TargetAttributes = {
					EF28606F2611168300471676 = {
						CreatedOnToolsVersion = 12.4;
					};
					EF2860802611168500471676 = {
						CreatedOnToolsVersion = 12.4;
						TestTargetID = EF28606F2611168300471676;
					};
					EF28608B2611168500471676 = {
						CreatedOnToolsVersion = 12.4;
						TestTargetID = EF28606F2611168300471676;
					};
				};
			};
			buildConfigurationList = EF28606B2611168300471676 /* Build configuration list for PBXProject "Landmarks" */;
			compatibilityVersion = "Xcode 9.3";
			developmentRegion = en;
			hasScannedForEncodings = 0;
			knownRegions = (
				en,
				Base,
			);
			mainGroup = EF2860672611168300471676;
			productRefGroup = EF2860712611168300471676 /* Products */;
			projectDirPath = "";
			projectRoot = "";
			targets = (
				EF28606F2611168300471676 /* Landmarks */,
				EF2860802611168500471676 /* LandmarksTests */,
				EF28608B2611168500471676 /* LandmarksUITests */,
			);
		};
/* End PBXProject section */

/* Begin PBXResourcesBuildPhase section */
		EF28606E2611168300471676 /* Resources */ = {
			isa = PBXResourcesBuildPhase;
			buildActionMask = 2147483647;
			files = (
				EF28607B2611168500471676 /* Preview Assets.xcassets in Resources */,
				EF2860782611168500471676 /* Assets.xcassets in Resources */,
				EF2860AC261210DA00471676 /* landmarkData.json in Resources */,
			);
			runOnlyForDeploymentPostprocessing = 0;
		};
		EF28607F2611168500471676 /* Resources */ = {
			isa = PBXResourcesBuildPhase;
			buildActionMask = 2147483647;
			files = (
			);
			runOnlyForDeploymentPostprocessing = 0;
		};
		EF28608A2611168500471676 /* Resources */ = {
			isa = PBXResourcesBuildPhase;
			buildActionMask = 2147483647;
			files = (
			);
			runOnlyForDeploymentPostprocessing = 0;
		};
/* End PBXResourcesBuildPhase section */

/* Begin PBXSourcesBuildPhase section */
		EF28606C2611168300471676 /* Sources */ = {
			isa = PBXSourcesBuildPhase;
			buildActionMask = 2147483647;
			files = (
				EFE7FB142616692F00CE6EF3 /* HexagonParameters.swift in Sources */,
				EFE7FB2326167BE800CE6EF3 /* Badge.swift in Sources */,
				EF2860762611168300471676 /* ContentView.swift in Sources */,
				EF2860A726111FE600471676 /* MapView.swift in Sources */,
				EF2860742611168300471676 /* LandmarksApp.swift in Sources */,
				EF2860D02616345900471676 /* FavoriteButton.swift in Sources */,
				EFE7FB1E26167B6700CE6EF3 /* RotatedBadgeSymbol.swift in Sources */,
				EFE7FB1926167A3600CE6EF3 /* BadgeSymbol.swift in Sources */,
				EF2860C62612190700471676 /* LandmarkList.swift in Sources */,
				EF2860CB26155DA400471676 /* LandmarkDetail.swift in Sources */,
				EFE7FB0F2616660A00CE6EF3 /* BadgeBackground.swift in Sources */,
				EF2860A226111B7A00471676 /* CircleImage.swift in Sources */,
				EF2860B12612110F00471676 /* Landmark.swift in Sources */,
				EF2860BE2612159000471676 /* LandmarkRow.swift in Sources */,
				EF2860B62612136A00471676 /* ModelData.swift in Sources */,
			);
			runOnlyForDeploymentPostprocessing = 0;
		};
		EF28607D2611168500471676 /* Sources */ = {
			isa = PBXSourcesBuildPhase;
			buildActionMask = 2147483647;
			files = (
				EF2860862611168500471676 /* LandmarksTests.swift in Sources */,
			);
			runOnlyForDeploymentPostprocessing = 0;
		};
		EF2860882611168500471676 /* Sources */ = {
			isa = PBXSourcesBuildPhase;
			buildActionMask = 2147483647;
			files = (
				EF2860912611168500471676 /* LandmarksUITests.swift in Sources */,
			);
			runOnlyForDeploymentPostprocessing = 0;
		};
/* End PBXSourcesBuildPhase section */

/* Begin PBXTargetDependency section */
		EF2860832611168500471676 /* PBXTargetDependency */ = {
			isa = PBXTargetDependency;
			target = EF28606F2611168300471676 /* Landmarks */;
			targetProxy = EF2860822611168500471676 /* PBXContainerItemProxy */;
		};
		EF28608E2611168500471676 /* PBXTargetDependency */ = {
			isa = PBXTargetDependency;
			target = EF28606F2611168300471676 /* Landmarks */;
			targetProxy = EF28608D2611168500471676 /* PBXContainerItemProxy */;
		};
/* End PBXTargetDependency section */

/* Begin XCBuildConfiguration section */
		EF2860932611168500471676 /* Debug */ = {
			isa = XCBuildConfiguration;
			buildSettings = {
				ALWAYS_SEARCH_USER_PATHS = NO;
				CLANG_ANALYZER_NONNULL = YES;
				CLANG_ANALYZER_NUMBER_OBJECT_CONVERSION = YES_AGGRESSIVE;
				CLANG_CXX_LANGUAGE_STANDARD = "gnu++14";
				CLANG_CXX_LIBRARY = "libc++";
				CLANG_ENABLE_MODULES = YES;
				CLANG_ENABLE_OBJC_ARC = YES;
				CLANG_ENABLE_OBJC_WEAK = YES;
				CLANG_WARN_BLOCK_CAPTURE_AUTORELEASING = YES;
				CLANG_WARN_BOOL_CONVERSION = YES;
				CLANG_WARN_COMMA = YES;
				CLANG_WARN_CONSTANT_CONVERSION = YES;
				CLANG_WARN_DEPRECATED_OBJC_IMPLEMENTATIONS = YES;
				CLANG_WARN_DIRECT_OBJC_ISA_USAGE = YES_ERROR;
				CLANG_WARN_DOCUMENTATION_COMMENTS = YES;
				CLANG_WARN_EMPTY_BODY = YES;
				CLANG_WARN_ENUM_CONVERSION = YES;
				CLANG_WARN_INFINITE_RECURSION = YES;
				CLANG_WARN_INT_CONVERSION = YES;
				CLANG_WARN_NON_LITERAL_NULL_CONVERSION = YES;
				CLANG_WARN_OBJC_IMPLICIT_RETAIN_SELF = YES;
				CLANG_WARN_OBJC_LITERAL_CONVERSION = YES;
				CLANG_WARN_OBJC_ROOT_CLASS = YES_ERROR;
				CLANG_WARN_QUOTED_INCLUDE_IN_FRAMEWORK_HEADER = YES;
				CLANG_WARN_RANGE_LOOP_ANALYSIS = YES;
				CLANG_WARN_STRICT_PROTOTYPES = YES;
				CLANG_WARN_SUSPICIOUS_MOVE = YES;
				CLANG_WARN_UNGUARDED_AVAILABILITY = YES_AGGRESSIVE;
				CLANG_WARN_UNREACHABLE_CODE = YES;
				CLANG_WARN__DUPLICATE_METHOD_MATCH = YES;
				COPY_PHASE_STRIP = NO;
				DEBUG_INFORMATION_FORMAT = dwarf;
				ENABLE_STRICT_OBJC_MSGSEND = YES;
				ENABLE_TESTABILITY = YES;
				GCC_C_LANGUAGE_STANDARD = gnu11;
				GCC_DYNAMIC_NO_PIC = NO;
				GCC_NO_COMMON_BLOCKS = YES;
				GCC_OPTIMIZATION_LEVEL = 0;
				GCC_PREPROCESSOR_DEFINITIONS = (
					"DEBUG=1",
					"$(inherited)",
				);
				GCC_WARN_64_TO_32_BIT_CONVERSION = YES;
				GCC_WARN_ABOUT_RETURN_TYPE = YES_ERROR;
				GCC_WARN_UNDECLARED_SELECTOR = YES;
				GCC_WARN_UNINITIALIZED_AUTOS = YES_AGGRESSIVE;
				GCC_WARN_UNUSED_FUNCTION = YES;
				GCC_WARN_UNUSED_VARIABLE = YES;
				IPHONEOS_DEPLOYMENT_TARGET = 14.4;
				MTL_ENABLE_DEBUG_INFO = INCLUDE_SOURCE;
				MTL_FAST_MATH = YES;
				ONLY_ACTIVE_ARCH = YES;
				SDKROOT = iphoneos;
				SWIFT_ACTIVE_COMPILATION_CONDITIONS = DEBUG;
				SWIFT_OPTIMIZATION_LEVEL = "-Onone";
			};
			name = Debug;
		};
		EF2860942611168500471676 /* Release */ = {
			isa = XCBuildConfiguration;
			buildSettings = {
				ALWAYS_SEARCH_USER_PATHS = NO;
				CLANG_ANALYZER_NONNULL = YES;
				CLANG_ANALYZER_NUMBER_OBJECT_CONVERSION = YES_AGGRESSIVE;
				CLANG_CXX_LANGUAGE_STANDARD = "gnu++14";
				CLANG_CXX_LIBRARY = "libc++";
				CLANG_ENABLE_MODULES = YES;
				CLANG_ENABLE_OBJC_ARC = YES;
				CLANG_ENABLE_OBJC_WEAK = YES;
				CLANG_WARN_BLOCK_CAPTURE_AUTORELEASING = YES;
				CLANG_WARN_BOOL_CONVERSION = YES;
				CLANG_WARN_COMMA = YES;
				CLANG_WARN_CONSTANT_CONVERSION = YES;
				CLANG_WARN_DEPRECATED_OBJC_IMPLEMENTATIONS = YES;
				CLANG_WARN_DIRECT_OBJC_ISA_USAGE = YES_ERROR;
				CLANG_WARN_DOCUMENTATION_COMMENTS = YES;
				CLANG_WARN_EMPTY_BODY = YES;
				CLANG_WARN_ENUM_CONVERSION = YES;
				CLANG_WARN_INFINITE_RECURSION = YES;
				CLANG_WARN_INT_CONVERSION = YES;
				CLANG_WARN_NON_LITERAL_NULL_CONVERSION = YES;
				CLANG_WARN_OBJC_IMPLICIT_RETAIN_SELF = YES;
				CLANG_WARN_OBJC_LITERAL_CONVERSION = YES;
				CLANG_WARN_OBJC_ROOT_CLASS = YES_ERROR;
				CLANG_WARN_QUOTED_INCLUDE_IN_FRAMEWORK_HEADER = YES;
				CLANG_WARN_RANGE_LOOP_ANALYSIS = YES;
				CLANG_WARN_STRICT_PROTOTYPES = YES;
				CLANG_WARN_SUSPICIOUS_MOVE = YES;
				CLANG_WARN_UNGUARDED_AVAILABILITY = YES_AGGRESSIVE;
				CLANG_WARN_UNREACHABLE_CODE = YES;
				CLANG_WARN__DUPLICATE_METHOD_MATCH = YES;
				COPY_PHASE_STRIP = NO;
				DEBUG_INFORMATION_FORMAT = "dwarf-with-dsym";
				ENABLE_NS_ASSERTIONS = NO;
				ENABLE_STRICT_OBJC_MSGSEND = YES;
				GCC_C_LANGUAGE_STANDARD = gnu11;
				GCC_NO_COMMON_BLOCKS = YES;
				GCC_WARN_64_TO_32_BIT_CONVERSION = YES;
				GCC_WARN_ABOUT_RETURN_TYPE = YES_ERROR;
				GCC_WARN_UNDECLARED_SELECTOR = YES;
				GCC_WARN_UNINITIALIZED_AUTOS = YES_AGGRESSIVE;
				GCC_WARN_UNUSED_FUNCTION = YES;
				GCC_WARN_UNUSED_VARIABLE = YES;
				IPHONEOS_DEPLOYMENT_TARGET = 14.4;
				MTL_ENABLE_DEBUG_INFO = NO;
				MTL_FAST_MATH = YES;
				SDKROOT = iphoneos;
				SWIFT_COMPILATION_MODE = wholemodule;
				SWIFT_OPTIMIZATION_LEVEL = "-O";
				VALIDATE_PRODUCT = YES;
			};
			name = Release;
		};
		EF2860962611168500471676 /* Debug */ = {
			isa = XCBuildConfiguration;
			buildSettings = {
				ASSETCATALOG_COMPILER_APPICON_NAME = AppIcon;
				ASSETCATALOG_COMPILER_GLOBAL_ACCENT_COLOR_NAME = AccentColor;
				CODE_SIGN_STYLE = Automatic;
				DEVELOPMENT_ASSET_PATHS = "\"Landmarks/Preview Content\"";
				ENABLE_PREVIEWS = YES;
				INFOPLIST_FILE = Landmarks/Info.plist;
				IPHONEOS_DEPLOYMENT_TARGET = 14.0;
				LD_RUNPATH_SEARCH_PATHS = (
					"$(inherited)",
					"@executable_path/Frameworks",
				);
				PRODUCT_BUNDLE_IDENTIFIER = "Steve-Mitchell.Landmarks";
				PRODUCT_NAME = "$(TARGET_NAME)";
				SWIFT_VERSION = 5.0;
				TARGETED_DEVICE_FAMILY = "1,2";
			};
			name = Debug;
		};
		EF2860972611168500471676 /* Release */ = {
			isa = XCBuildConfiguration;
			buildSettings = {
				ASSETCATALOG_COMPILER_APPICON_NAME = AppIcon;
				ASSETCATALOG_COMPILER_GLOBAL_ACCENT_COLOR_NAME = AccentColor;
				CODE_SIGN_STYLE = Automatic;
				DEVELOPMENT_ASSET_PATHS = "\"Landmarks/Preview Content\"";
				ENABLE_PREVIEWS = YES;
				INFOPLIST_FILE = Landmarks/Info.plist;
				IPHONEOS_DEPLOYMENT_TARGET = 14.0;
				LD_RUNPATH_SEARCH_PATHS = (
					"$(inherited)",
					"@executable_path/Frameworks",
				);
				PRODUCT_BUNDLE_IDENTIFIER = "Steve-Mitchell.Landmarks";
				PRODUCT_NAME = "$(TARGET_NAME)";
				SWIFT_VERSION = 5.0;
				TARGETED_DEVICE_FAMILY = "1,2";
			};
			name = Release;
		};
		EF2860992611168500471676 /* Debug */ = {
			isa = XCBuildConfiguration;
			buildSettings = {
				ALWAYS_EMBED_SWIFT_STANDARD_LIBRARIES = YES;
				BUNDLE_LOADER = "$(TEST_HOST)";
				CODE_SIGN_STYLE = Automatic;
				INFOPLIST_FILE = LandmarksTests/Info.plist;
				IPHONEOS_DEPLOYMENT_TARGET = 14.0;
				LD_RUNPATH_SEARCH_PATHS = (
					"$(inherited)",
					"@executable_path/Frameworks",
					"@loader_path/Frameworks",
				);
				PRODUCT_BUNDLE_IDENTIFIER = "Steve-Mitchell.LandmarksTests";
				PRODUCT_NAME = "$(TARGET_NAME)";
				SWIFT_VERSION = 5.0;
				TARGETED_DEVICE_FAMILY = "1,2";
				TEST_HOST = "$(BUILT_PRODUCTS_DIR)/Landmarks.app/Landmarks";
			};
			name = Debug;
		};
		EF28609A2611168500471676 /* Release */ = {
			isa = XCBuildConfiguration;
			buildSettings = {
				ALWAYS_EMBED_SWIFT_STANDARD_LIBRARIES = YES;
				BUNDLE_LOADER = "$(TEST_HOST)";
				CODE_SIGN_STYLE = Automatic;
				INFOPLIST_FILE = LandmarksTests/Info.plist;
				IPHONEOS_DEPLOYMENT_TARGET = 14.0;
				LD_RUNPATH_SEARCH_PATHS = (
					"$(inherited)",
					"@executable_path/Frameworks",
					"@loader_path/Frameworks",
				);
				PRODUCT_BUNDLE_IDENTIFIER = "Steve-Mitchell.LandmarksTests";
				PRODUCT_NAME = "$(TARGET_NAME)";
				SWIFT_VERSION = 5.0;
				TARGETED_DEVICE_FAMILY = "1,2";
				TEST_HOST = "$(BUILT_PRODUCTS_DIR)/Landmarks.app/Landmarks";
			};
			name = Release;
		};
		EF28609C2611168500471676 /* Debug */ = {
			isa = XCBuildConfiguration;
			buildSettings = {
				ALWAYS_EMBED_SWIFT_STANDARD_LIBRARIES = YES;
				CODE_SIGN_STYLE = Automatic;
				INFOPLIST_FILE = LandmarksUITests/Info.plist;
				LD_RUNPATH_SEARCH_PATHS = (
					"$(inherited)",
					"@executable_path/Frameworks",
					"@loader_path/Frameworks",
				);
				PRODUCT_BUNDLE_IDENTIFIER = "Steve-Mitchell.LandmarksUITests";
				PRODUCT_NAME = "$(TARGET_NAME)";
				SWIFT_VERSION = 5.0;
				TARGETED_DEVICE_FAMILY = "1,2";
				TEST_TARGET_NAME = Landmarks;
			};
			name = Debug;
		};
		EF28609D2611168500471676 /* Release */ = {
			isa = XCBuildConfiguration;
			buildSettings = {
				ALWAYS_EMBED_SWIFT_STANDARD_LIBRARIES = YES;
				CODE_SIGN_STYLE = Automatic;
				INFOPLIST_FILE = LandmarksUITests/Info.plist;
				LD_RUNPATH_SEARCH_PATHS = (
					"$(inherited)",
					"@executable_path/Frameworks",
					"@loader_path/Frameworks",
				);
				PRODUCT_BUNDLE_IDENTIFIER = "Steve-Mitchell.LandmarksUITests";
				PRODUCT_NAME = "$(TARGET_NAME)";
				SWIFT_VERSION = 5.0;
				TARGETED_DEVICE_FAMILY = "1,2";
				TEST_TARGET_NAME = Landmarks;
			};
			name = Release;
		};
/* End XCBuildConfiguration section */

/* Begin XCConfigurationList section */
		EF28606B2611168300471676 /* Build configuration list for PBXProject "Landmarks" */ = {
			isa = XCConfigurationList;
			buildConfigurations = (
				EF2860932611168500471676 /* Debug */,
				EF2860942611168500471676 /* Release */,
			);
			defaultConfigurationIsVisible = 0;
			defaultConfigurationName = Release;
		};
		EF2860952611168500471676 /* Build configuration list for PBXNativeTarget "Landmarks" */ = {
			isa = XCConfigurationList;
			buildConfigurations = (
				EF2860962611168500471676 /* Debug */,
				EF2860972611168500471676 /* Release */,
			);
			defaultConfigurationIsVisible = 0;
			defaultConfigurationName = Release;
		};
		EF2860982611168500471676 /* Build configuration list for PBXNativeTarget "LandmarksTests" */ = {
			isa = XCConfigurationList;
			buildConfigurations = (
				EF2860992611168500471676 /* Debug */,
				EF28609A2611168500471676 /* Release */,
			);
			defaultConfigurationIsVisible = 0;
			defaultConfigurationName = Release;
		};
		EF28609B2611168500471676 /* Build configuration list for PBXNativeTarget "LandmarksUITests" */ = {
			isa = XCConfigurationList;
			buildConfigurations = (
				EF28609C2611168500471676 /* Debug */,
				EF28609D2611168500471676 /* Release */,
			);
			defaultConfigurationIsVisible = 0;
			defaultConfigurationName = Release;
		};
/* End XCConfigurationList section */
	};
	rootObject = EF2860682611168300471676 /* Project object */;
}
